
Microsoft Visual Studio Solution File, Format Version 12.00
Project("{FAE04EC0-301F-11D3-BF4B-00C04F79EFBC}") = "Computer_club.WebAPI", "Computer_club.WebAPI\Computer_club.WebAPI.csproj", "{12E37F24-DDEA-4D58-856A-EE35AD0B630F}"
	ProjectSection(ProjectDependencies) = postProject
		{754B9797-63CD-43C0-A7E9-7EE318401C36} = {754B9797-63CD-43C0-A7E9-7EE318401C36}
		{F79EF48C-60B4-4C36-B70E-F6E5030842F5} = {F79EF48C-60B4-4C36-B70E-F6E5030842F5}
	EndProjectSection
EndProject
Project("{FAE04EC0-301F-11D3-BF4B-00C04F79EFBC}") = "Computer_club.Tests", "Computer_club.Tests\Computer_club.Tests.csproj", "{540599C4-C57E-4A24-985E-8F8E812A3C28}"
	ProjectSection(ProjectDependencies) = postProject
		{12E37F24-DDEA-4D58-856A-EE35AD0B630F} = {12E37F24-DDEA-4D58-856A-EE35AD0B630F}
		{6C7D838D-4891-40A9-B113-DEC5541C6F36} = {6C7D838D-4891-40A9-B113-DEC5541C6F36}
		{F79EF48C-60B4-4C36-B70E-F6E5030842F5} = {F79EF48C-60B4-4C36-B70E-F6E5030842F5}
	EndProjectSection
EndProject
Project("{FAE04EC0-301F-11D3-BF4B-00C04F79EFBC}") = "Computer_club.Services", "Computer_club.Services\Computer_club.Services.csproj", "{754B9797-63CD-43C0-A7E9-7EE318401C36}"
EndProject
Project("{FAE04EC0-301F-11D3-BF4B-00C04F79EFBC}") = "Computer_club.Data", "Computer_club.Data\Computer_club.Data.csproj", "{F79EF48C-60B4-4C36-B70E-F6E5030842F5}"
EndProject
Global
	GlobalSection(SolutionConfigurationPlatforms) = preSolution
		Debug|Any CPU = Debug|Any CPU
		Release|Any CPU = Release|Any CPU
	EndGlobalSection
	GlobalSection(ProjectConfigurationPlatforms) = postSolution
		{12E37F24-DDEA-4D58-856A-EE35AD0B630F}.Debug|Any CPU.ActiveCfg = Debug|Any CPU
		{12E37F24-DDEA-4D58-856A-EE35AD0B630F}.Debug|Any CPU.Build.0 = Debug|Any CPU
		{12E37F24-DDEA-4D58-856A-EE35AD0B630F}.Release|Any CPU.ActiveCfg = Release|Any CPU
		{12E37F24-DDEA-4D58-856A-EE35AD0B630F}.Release|Any CPU.Build.0 = Release|Any CPU
		{540599C4-C57E-4A24-985E-8F8E812A3C28}.Debug|Any CPU.ActiveCfg = Debug|Any CPU
		{540599C4-C57E-4A24-985E-8F8E812A3C28}.Debug|Any CPU.Build.0 = Debug|Any CPU
		{540599C4-C57E-4A24-985E-8F8E812A3C28}.Release|Any CPU.ActiveCfg = Release|Any CPU
		{540599C4-C57E-4A24-985E-8F8E812A3C28}.Release|Any CPU.Build.0 = Release|Any CPU
		{754B9797-63CD-43C0-A7E9-7EE318401C36}.Debug|Any CPU.ActiveCfg = Debug|Any CPU
		{754B9797-63CD-43C0-A7E9-7EE318401C36}.Debug|Any CPU.Build.0 = Debug|Any CPU
		{754B9797-63CD-43C0-A7E9-7EE318401C36}.Release|Any CPU.ActiveCfg = Release|Any CPU
		{754B9797-63CD-43C0-A7E9-7EE318401C36}.Release|Any CPU.Build.0 = Release|Any CPU
		{F79EF48C-60B4-4C36-B70E-F6E5030842F5}.Debug|Any CPU.ActiveCfg = Debug|Any CPU
		{F79EF48C-60B4-4C36-B70E-F6E5030842F5}.Debug|Any CPU.Build.0 = Debug|Any CPU
		{F79EF48C-60B4-4C36-B70E-F6E5030842F5}.Release|Any CPU.ActiveCfg = Release|Any CPU
		{F79EF48C-60B4-4C36-B70E-F6E5030842F5}.Release|Any CPU.Build.0 = Release|Any CPU
	EndGlobalSection
EndGlobal
