
Microsoft Visual Studio Solution File, Format Version 12.00
Project("{FAE04EC0-301F-11D3-BF4B-00C04F79EFBC}") = "Computer_club", "Computer_club\Computer_club.csproj", "{12E37F24-DDEA-4D58-856A-EE35AD0B630F}"
EndProject
Global
	GlobalSection(SolutionConfigurationPlatforms) = preSolution
		Debug|Any CPU = Debug|Any CPU
		Release|Any CPU = Release|Any CPU
	EndGlobalSection
	GlobalSection(ProjectConfigurationPlatforms) = postSolution
		{12E37F24-DDEA-4D58-856A-EE35AD0B630F}.Debug|Any CPU.ActiveCfg = Debug|Any CPU
		{12E37F24-DDEA-4D58-856A-EE35AD0B630F}.Debug|Any CPU.Build.0 = Debug|Any CPU
		{12E37F24-DDEA-4D58-856A-EE35AD0B630F}.Release|Any CPU.ActiveCfg = Release|Any CPU
		{12E37F24-DDEA-4D58-856A-EE35AD0B630F}.Release|Any CPU.Build.0 = Release|Any CPU
	EndGlobalSection
EndGlobal
